// !$*UTF8*$!
{
	archiveVersion = 1;
	classes = {
	};
	objectVersion = 46;
	objects = {

/* Begin PBXBuildFile section */
		54279F761AC9B0110065E798 /* main.m in Sources */ = {isa = PBXBuildFile; fileRef = 54279F751AC9B0110065E798 /* main.m */; };
		54279F791AC9B0110065E798 /* AppDelegate.m in Sources */ = {isa = PBXBuildFile; fileRef = 54279F781AC9B0110065E798 /* AppDelegate.m */; };
		54279F7C1AC9B0110065E798 /* ViewController.m in Sources */ = {isa = PBXBuildFile; fileRef = 54279F7B1AC9B0110065E798 /* ViewController.m */; };
		54279F7F1AC9B0110065E798 /* Main.storyboard in Resources */ = {isa = PBXBuildFile; fileRef = 54279F7D1AC9B0110065E798 /* Main.storyboard */; };
		54279F811AC9B0110065E798 /* Images.xcassets in Resources */ = {isa = PBXBuildFile; fileRef = 54279F801AC9B0110065E798 /* Images.xcassets */; };
		54279F841AC9B0110065E798 /* LaunchScreen.xib in Resources */ = {isa = PBXBuildFile; fileRef = 54279F821AC9B0110065E798 /* LaunchScreen.xib */; };
		54279F901AC9B0110065E798 /* DMMTapItDemoTests.m in Sources */ = {isa = PBXBuildFile; fileRef = 54279F8F1AC9B0110065E798 /* DMMTapItDemoTests.m */; };
		54E647831ACA100B001FA30A /* end.m4a in Resources */ = {isa = PBXBuildFile; fileRef = 54E6477F1ACA100B001FA30A /* end.m4a */; };
		54E647871ACA15DD001FA30A /* tap.m4a in Resources */ = {isa = PBXBuildFile; fileRef = 54E647861ACA15DD001FA30A /* tap.m4a */; };
		54E647891ACA1664001FA30A /* whip.m4a in Resources */ = {isa = PBXBuildFile; fileRef = 54E647881ACA1664001FA30A /* whip.m4a */; };
		54E6478B1ACA1673001FA30A /* swipe.m4a in Resources */ = {isa = PBXBuildFile; fileRef = 54E6478A1ACA1673001FA30A /* swipe.m4a */; };
		54FCB7211AC9B0E300134981 /* DMMTapItViewController.m in Sources */ = {isa = PBXBuildFile; fileRef = 54FCB71F1AC9B0E300134981 /* DMMTapItViewController.m */; };
		54FCB7221AC9B0E300134981 /* DMMTapItViewController.xib in Resources */ = {isa = PBXBuildFile; fileRef = 54FCB7201AC9B0E300134981 /* DMMTapItViewController.xib */; };
		54FCB7281AC9C7BB00134981 /* DMMTapItAction.m in Sources */ = {isa = PBXBuildFile; fileRef = 54FCB7271AC9C7BB00134981 /* DMMTapItAction.m */; };
		54FCB72A1AC9F95700134981 /* beat.m4a in Resources */ = {isa = PBXBuildFile; fileRef = 54FCB7291AC9F95700134981 /* beat.m4a */; };
/* End PBXBuildFile section */

/* Begin PBXContainerItemProxy section */
		54279F8A1AC9B0110065E798 /* PBXContainerItemProxy */ = {
			isa = PBXContainerItemProxy;
			containerPortal = 54279F681AC9B0110065E798 /* Project object */;
			proxyType = 1;
			remoteGlobalIDString = 54279F6F1AC9B0110065E798;
			remoteInfo = DMMTapItDemo;
		};
/* End PBXContainerItemProxy section */

/* Begin PBXFileReference section */
		54279F701AC9B0110065E798 /* DMMTapItDemo.app */ = {isa = PBXFileReference; explicitFileType = wrapper.application; includeInIndex = 0; path = DMMTapItDemo.app; sourceTree = BUILT_PRODUCTS_DIR; };
		54279F741AC9B0110065E798 /* Info.plist */ = {isa = PBXFileReference; lastKnownFileType = text.plist.xml; path = Info.plist; sourceTree = "<group>"; };
		54279F751AC9B0110065E798 /* main.m */ = {isa = PBXFileReference; lastKnownFileType = sourcecode.c.objc; path = main.m; sourceTree = "<group>"; };
		54279F771AC9B0110065E798 /* AppDelegate.h */ = {isa = PBXFileReference; lastKnownFileType = sourcecode.c.h; path = AppDelegate.h; sourceTree = "<group>"; };
		54279F781AC9B0110065E798 /* AppDelegate.m */ = {isa = PBXFileReference; lastKnownFileType = sourcecode.c.objc; path = AppDelegate.m; sourceTree = "<group>"; };
		54279F7A1AC9B0110065E798 /* ViewController.h */ = {isa = PBXFileReference; lastKnownFileType = sourcecode.c.h; path = ViewController.h; sourceTree = "<group>"; };
		54279F7B1AC9B0110065E798 /* ViewController.m */ = {isa = PBXFileReference; lastKnownFileType = sourcecode.c.objc; path = ViewController.m; sourceTree = "<group>"; };
		54279F7E1AC9B0110065E798 /* Base */ = {isa = PBXFileReference; lastKnownFileType = file.storyboard; name = Base; path = Base.lproj/Main.storyboard; sourceTree = "<group>"; };
		54279F801AC9B0110065E798 /* Images.xcassets */ = {isa = PBXFileReference; lastKnownFileType = folder.assetcatalog; path = Images.xcassets; sourceTree = "<group>"; };
		54279F831AC9B0110065E798 /* Base */ = {isa = PBXFileReference; lastKnownFileType = file.xib; name = Base; path = Base.lproj/LaunchScreen.xib; sourceTree = "<group>"; };
		54279F891AC9B0110065E798 /* DMMTapItDemoTests.xctest */ = {isa = PBXFileReference; explicitFileType = wrapper.cfbundle; includeInIndex = 0; path = DMMTapItDemoTests.xctest; sourceTree = BUILT_PRODUCTS_DIR; };
		54279F8E1AC9B0110065E798 /* Info.plist */ = {isa = PBXFileReference; lastKnownFileType = text.plist.xml; path = Info.plist; sourceTree = "<group>"; };
		54279F8F1AC9B0110065E798 /* DMMTapItDemoTests.m */ = {isa = PBXFileReference; lastKnownFileType = sourcecode.c.objc; path = DMMTapItDemoTests.m; sourceTree = "<group>"; };
		54E6477F1ACA100B001FA30A /* end.m4a */ = {isa = PBXFileReference; lastKnownFileType = file; path = end.m4a; sourceTree = "<group>"; };
		54E647861ACA15DD001FA30A /* tap.m4a */ = {isa = PBXFileReference; lastKnownFileType = file; path = tap.m4a; sourceTree = "<group>"; };
		54E647881ACA1664001FA30A /* whip.m4a */ = {isa = PBXFileReference; lastKnownFileType = file; path = whip.m4a; sourceTree = "<group>"; };
		54E6478A1ACA1673001FA30A /* swipe.m4a */ = {isa = PBXFileReference; lastKnownFileType = file; path = swipe.m4a; sourceTree = "<group>"; };
		54FCB71E1AC9B0E300134981 /* DMMTapItViewController.h */ = {isa = PBXFileReference; fileEncoding = 4; lastKnownFileType = sourcecode.c.h; name = DMMTapItViewController.h; path = DMMTapIt/DMMTapItViewController.h; sourceTree = "<group>"; };
		54FCB71F1AC9B0E300134981 /* DMMTapItViewController.m */ = {isa = PBXFileReference; fileEncoding = 4; lastKnownFileType = sourcecode.c.objc; name = DMMTapItViewController.m; path = DMMTapIt/DMMTapItViewController.m; sourceTree = "<group>"; };
		54FCB7201AC9B0E300134981 /* DMMTapItViewController.xib */ = {isa = PBXFileReference; fileEncoding = 4; lastKnownFileType = file.xib; name = DMMTapItViewController.xib; path = DMMTapIt/DMMTapItViewController.xib; sourceTree = "<group>"; };
		54FCB7261AC9C7BB00134981 /* DMMTapItAction.h */ = {isa = PBXFileReference; fileEncoding = 4; lastKnownFileType = sourcecode.c.h; name = DMMTapItAction.h; path = DMMTapIt/DMMTapItAction.h; sourceTree = "<group>"; };
		54FCB7271AC9C7BB00134981 /* DMMTapItAction.m */ = {isa = PBXFileReference; fileEncoding = 4; lastKnownFileType = sourcecode.c.objc; name = DMMTapItAction.m; path = DMMTapIt/DMMTapItAction.m; sourceTree = "<group>"; };
		54FCB7291AC9F95700134981 /* beat.m4a */ = {isa = PBXFileReference; lastKnownFileType = file; path = beat.m4a; sourceTree = "<group>"; };
/* End PBXFileReference section */

/* Begin PBXFrameworksBuildPhase section */
		54279F6D1AC9B0110065E798 /* Frameworks */ = {
			isa = PBXFrameworksBuildPhase;
			buildActionMask = 2147483647;
			files = (
			);
			runOnlyForDeploymentPostprocessing = 0;
		};
		54279F861AC9B0110065E798 /* Frameworks */ = {
			isa = PBXFrameworksBuildPhase;
			buildActionMask = 2147483647;
			files = (
			);
			runOnlyForDeploymentPostprocessing = 0;
		};
/* End PBXFrameworksBuildPhase section */

/* Begin PBXGroup section */
		54279F671AC9B0110065E798 = {
			isa = PBXGroup;
			children = (
				54FCB71D1AC9B0C200134981 /* DMMTapIt */,
				54279F721AC9B0110065E798 /* DMMTapItDemo */,
				54279F8C1AC9B0110065E798 /* DMMTapItDemoTests */,
				54279F711AC9B0110065E798 /* Products */,
			);
			sourceTree = "<group>";
		};
		54279F711AC9B0110065E798 /* Products */ = {
			isa = PBXGroup;
			children = (
				54279F701AC9B0110065E798 /* DMMTapItDemo.app */,
				54279F891AC9B0110065E798 /* DMMTapItDemoTests.xctest */,
			);
			name = Products;
			sourceTree = "<group>";
		};
		54279F721AC9B0110065E798 /* DMMTapItDemo */ = {
			isa = PBXGroup;
			children = (
				54279F771AC9B0110065E798 /* AppDelegate.h */,
				54279F781AC9B0110065E798 /* AppDelegate.m */,
				54279F7A1AC9B0110065E798 /* ViewController.h */,
				54279F7B1AC9B0110065E798 /* ViewController.m */,
				54279F7D1AC9B0110065E798 /* Main.storyboard */,
				54279F801AC9B0110065E798 /* Images.xcassets */,
				54279F821AC9B0110065E798 /* LaunchScreen.xib */,
				54279F731AC9B0110065E798 /* Supporting Files */,
			);
			path = DMMTapItDemo;
			sourceTree = "<group>";
		};
		54279F731AC9B0110065E798 /* Supporting Files */ = {
			isa = PBXGroup;
			children = (
				54279F741AC9B0110065E798 /* Info.plist */,
				54279F751AC9B0110065E798 /* main.m */,
			);
			name = "Supporting Files";
			sourceTree = "<group>";
		};
		54279F8C1AC9B0110065E798 /* DMMTapItDemoTests */ = {
			isa = PBXGroup;
			children = (
				54279F8F1AC9B0110065E798 /* DMMTapItDemoTests.m */,
				54279F8D1AC9B0110065E798 /* Supporting Files */,
			);
			path = DMMTapItDemoTests;
			sourceTree = "<group>";
		};
		54279F8D1AC9B0110065E798 /* Supporting Files */ = {
			isa = PBXGroup;
			children = (
				54279F8E1AC9B0110065E798 /* Info.plist */,
			);
			name = "Supporting Files";
			sourceTree = "<group>";
		};
		54E6476D1AC9FEB6001FA30A /* Sounds */ = {
			isa = PBXGroup;
			children = (
				54E647861ACA15DD001FA30A /* tap.m4a */,
				54E6477F1ACA100B001FA30A /* end.m4a */,
				54E6478A1ACA1673001FA30A /* swipe.m4a */,
				54E647881ACA1664001FA30A /* whip.m4a */,
				54FCB7291AC9F95700134981 /* beat.m4a */,
			);
			name = Sounds;
			sourceTree = "<group>";
		};
		54FCB71D1AC9B0C200134981 /* DMMTapIt */ = {
			isa = PBXGroup;
			children = (
				54E6476D1AC9FEB6001FA30A /* Sounds */,
				54FCB71E1AC9B0E300134981 /* DMMTapItViewController.h */,
				54FCB71F1AC9B0E300134981 /* DMMTapItViewController.m */,
				54FCB7201AC9B0E300134981 /* DMMTapItViewController.xib */,
				54FCB7261AC9C7BB00134981 /* DMMTapItAction.h */,
				54FCB7271AC9C7BB00134981 /* DMMTapItAction.m */,
			);
			name = DMMTapIt;
			sourceTree = "<group>";
		};
/* End PBXGroup section */

/* Begin PBXNativeTarget section */
		54279F6F1AC9B0110065E798 /* DMMTapItDemo */ = {
			isa = PBXNativeTarget;
			buildConfigurationList = 54279F931AC9B0110065E798 /* Build configuration list for PBXNativeTarget "DMMTapItDemo" */;
			buildPhases = (
				54279F6C1AC9B0110065E798 /* Sources */,
				54279F6D1AC9B0110065E798 /* Frameworks */,
				54279F6E1AC9B0110065E798 /* Resources */,
			);
			buildRules = (
			);
			dependencies = (
			);
			name = DMMTapItDemo;
			productName = DMMTapItDemo;
			productReference = 54279F701AC9B0110065E798 /* DMMTapItDemo.app */;
			productType = "com.apple.product-type.application";
		};
		54279F881AC9B0110065E798 /* DMMTapItDemoTests */ = {
			isa = PBXNativeTarget;
			buildConfigurationList = 54279F961AC9B0110065E798 /* Build configuration list for PBXNativeTarget "DMMTapItDemoTests" */;
			buildPhases = (
				54279F851AC9B0110065E798 /* Sources */,
				54279F861AC9B0110065E798 /* Frameworks */,
				54279F871AC9B0110065E798 /* Resources */,
			);
			buildRules = (
			);
			dependencies = (
				54279F8B1AC9B0110065E798 /* PBXTargetDependency */,
			);
			name = DMMTapItDemoTests;
			productName = DMMTapItDemoTests;
			productReference = 54279F891AC9B0110065E798 /* DMMTapItDemoTests.xctest */;
			productType = "com.apple.product-type.bundle.unit-test";
		};
/* End PBXNativeTarget section */

/* Begin PBXProject section */
		54279F681AC9B0110065E798 /* Project object */ = {
			isa = PBXProject;
			attributes = {
				LastUpgradeCheck = 0620;
				ORGANIZATIONNAME = "Daniel Miedema";
				TargetAttributes = {
					54279F6F1AC9B0110065E798 = {
						CreatedOnToolsVersion = 6.2;
					};
					54279F881AC9B0110065E798 = {
						CreatedOnToolsVersion = 6.2;
						TestTargetID = 54279F6F1AC9B0110065E798;
					};
				};
			};
			buildConfigurationList = 54279F6B1AC9B0110065E798 /* Build configuration list for PBXProject "DMMTapItDemo" */;
			compatibilityVersion = "Xcode 3.2";
			developmentRegion = English;
			hasScannedForEncodings = 0;
			knownRegions = (
				en,
				Base,
			);
			mainGroup = 54279F671AC9B0110065E798;
			productRefGroup = 54279F711AC9B0110065E798 /* Products */;
			projectDirPath = "";
			projectRoot = "";
			targets = (
				54279F6F1AC9B0110065E798 /* DMMTapItDemo */,
				54279F881AC9B0110065E798 /* DMMTapItDemoTests */,
			);
		};
/* End PBXProject section */

/* Begin PBXResourcesBuildPhase section */
		54279F6E1AC9B0110065E798 /* Resources */ = {
			isa = PBXResourcesBuildPhase;
			buildActionMask = 2147483647;
			files = (
				54E647871ACA15DD001FA30A /* tap.m4a in Resources */,
				54E6478B1ACA1673001FA30A /* swipe.m4a in Resources */,
				54279F7F1AC9B0110065E798 /* Main.storyboard in Resources */,
				54279F841AC9B0110065E798 /* LaunchScreen.xib in Resources */,
				54FCB7221AC9B0E300134981 /* DMMTapItViewController.xib in Resources */,
				54E647831ACA100B001FA30A /* end.m4a in Resources */,
				54E647891ACA1664001FA30A /* whip.m4a in Resources */,
				54FCB72A1AC9F95700134981 /* beat.m4a in Resources */,
				54279F811AC9B0110065E798 /* Images.xcassets in Resources */,
			);
			runOnlyForDeploymentPostprocessing = 0;
		};
		54279F871AC9B0110065E798 /* Resources */ = {
			isa = PBXResourcesBuildPhase;
			buildActionMask = 2147483647;
			files = (
			);
			runOnlyForDeploymentPostprocessing = 0;
		};
/* End PBXResourcesBuildPhase section */

/* Begin PBXSourcesBuildPhase section */
		54279F6C1AC9B0110065E798 /* Sources */ = {
			isa = PBXSourcesBuildPhase;
			buildActionMask = 2147483647;
			files = (
				54279F7C1AC9B0110065E798 /* ViewController.m in Sources */,
				54279F791AC9B0110065E798 /* AppDelegate.m in Sources */,
				54FCB7281AC9C7BB00134981 /* DMMTapItAction.m in Sources */,
				54FCB7211AC9B0E300134981 /* DMMTapItViewController.m in Sources */,
				54279F761AC9B0110065E798 /* main.m in Sources */,
			);
			runOnlyForDeploymentPostprocessing = 0;
		};
		54279F851AC9B0110065E798 /* Sources */ = {
			isa = PBXSourcesBuildPhase;
			buildActionMask = 2147483647;
			files = (
				54279F901AC9B0110065E798 /* DMMTapItDemoTests.m in Sources */,
			);
			runOnlyForDeploymentPostprocessing = 0;
		};
/* End PBXSourcesBuildPhase section */

/* Begin PBXTargetDependency section */
		54279F8B1AC9B0110065E798 /* PBXTargetDependency */ = {
			isa = PBXTargetDependency;
			target = 54279F6F1AC9B0110065E798 /* DMMTapItDemo */;
			targetProxy = 54279F8A1AC9B0110065E798 /* PBXContainerItemProxy */;
		};
/* End PBXTargetDependency section */

/* Begin PBXVariantGroup section */
		54279F7D1AC9B0110065E798 /* Main.storyboard */ = {
			isa = PBXVariantGroup;
			children = (
				54279F7E1AC9B0110065E798 /* Base */,
			);
			name = Main.storyboard;
			sourceTree = "<group>";
		};
		54279F821AC9B0110065E798 /* LaunchScreen.xib */ = {
			isa = PBXVariantGroup;
			children = (
				54279F831AC9B0110065E798 /* Base */,
			);
			name = LaunchScreen.xib;
			sourceTree = "<group>";
		};
/* End PBXVariantGroup section */

/* Begin XCBuildConfiguration section */
		54279F911AC9B0110065E798 /* Debug */ = {
			isa = XCBuildConfiguration;
			buildSettings = {
				ALWAYS_SEARCH_USER_PATHS = NO;
				CLANG_CXX_LANGUAGE_STANDARD = "gnu++0x";
				CLANG_CXX_LIBRARY = "libc++";
				CLANG_ENABLE_MODULES = YES;
				CLANG_ENABLE_OBJC_ARC = YES;
				CLANG_WARN_BOOL_CONVERSION = YES;
				CLANG_WARN_CONSTANT_CONVERSION = YES;
				CLANG_WARN_DIRECT_OBJC_ISA_USAGE = YES_ERROR;
				CLANG_WARN_EMPTY_BODY = YES;
				CLANG_WARN_ENUM_CONVERSION = YES;
				CLANG_WARN_INT_CONVERSION = YES;
				CLANG_WARN_OBJC_ROOT_CLASS = YES_ERROR;
				CLANG_WARN_UNREACHABLE_CODE = YES;
				CLANG_WARN__DUPLICATE_METHOD_MATCH = YES;
				"CODE_SIGN_IDENTITY[sdk=iphoneos*]" = "iPhone Developer";
				COPY_PHASE_STRIP = NO;
				ENABLE_STRICT_OBJC_MSGSEND = YES;
				GCC_C_LANGUAGE_STANDARD = gnu99;
				GCC_DYNAMIC_NO_PIC = NO;
				GCC_OPTIMIZATION_LEVEL = 0;
				GCC_PREPROCESSOR_DEFINITIONS = (
					"DEBUG=1",
					"$(inherited)",
				);
				GCC_SYMBOLS_PRIVATE_EXTERN = NO;
				GCC_WARN_64_TO_32_BIT_CONVERSION = YES;
				GCC_WARN_ABOUT_RETURN_TYPE = YES_ERROR;
				GCC_WARN_UNDECLARED_SELECTOR = YES;
				GCC_WARN_UNINITIALIZED_AUTOS = YES_AGGRESSIVE;
				GCC_WARN_UNUSED_FUNCTION = YES;
				GCC_WARN_UNUSED_VARIABLE = YES;
				IPHONEOS_DEPLOYMENT_TARGET = 8.2;
				MTL_ENABLE_DEBUG_INFO = YES;
				ONLY_ACTIVE_ARCH = YES;
				SDKROOT = iphoneos;
				TARGETED_DEVICE_FAMILY = "1,2";
			};
			name = Debug;
		};
		54279F921AC9B0110065E798 /* Release */ = {
			isa = XCBuildConfiguration;
			buildSettings = {
				ALWAYS_SEARCH_USER_PATHS = NO;
				CLANG_CXX_LANGUAGE_STANDARD = "gnu++0x";
				CLANG_CXX_LIBRARY = "libc++";
				CLANG_ENABLE_MODULES = YES;
				CLANG_ENABLE_OBJC_ARC = YES;
				CLANG_WARN_BOOL_CONVERSION = YES;
				CLANG_WARN_CONSTANT_CONVERSION = YES;
				CLANG_WARN_DIRECT_OBJC_ISA_USAGE = YES_ERROR;
				CLANG_WARN_EMPTY_BODY = YES;
				CLANG_WARN_ENUM_CONVERSION = YES;
				CLANG_WARN_INT_CONVERSION = YES;
				CLANG_WARN_OBJC_ROOT_CLASS = YES_ERROR;
				CLANG_WARN_UNREACHABLE_CODE = YES;
				CLANG_WARN__DUPLICATE_METHOD_MATCH = YES;
				"CODE_SIGN_IDENTITY[sdk=iphoneos*]" = "iPhone Developer";
				COPY_PHASE_STRIP = NO;
				ENABLE_NS_ASSERTIONS = NO;
				ENABLE_STRICT_OBJC_MSGSEND = YES;
				GCC_C_LANGUAGE_STANDARD = gnu99;
				GCC_WARN_64_TO_32_BIT_CONVERSION = YES;
				GCC_WARN_ABOUT_RETURN_TYPE = YES_ERROR;
				GCC_WARN_UNDECLARED_SELECTOR = YES;
				GCC_WARN_UNINITIALIZED_AUTOS = YES_AGGRESSIVE;
				GCC_WARN_UNUSED_FUNCTION = YES;
				GCC_WARN_UNUSED_VARIABLE = YES;
				IPHONEOS_DEPLOYMENT_TARGET = 8.2;
				MTL_ENABLE_DEBUG_INFO = NO;
				SDKROOT = iphoneos;
				TARGETED_DEVICE_FAMILY = "1,2";
				VALIDATE_PRODUCT = YES;
			};
			name = Release;
		};
		54279F941AC9B0110065E798 /* Debug */ = {
			isa = XCBuildConfiguration;
			buildSettings = {
				ASSETCATALOG_COMPILER_APPICON_NAME = AppIcon;
				INFOPLIST_FILE = DMMTapItDemo/Info.plist;
				LD_RUNPATH_SEARCH_PATHS = "$(inherited) @executable_path/Frameworks";
				PRODUCT_NAME = "$(TARGET_NAME)";
			};
			name = Debug;
		};
		54279F951AC9B0110065E798 /* Release */ = {
			isa = XCBuildConfiguration;
			buildSettings = {
				ASSETCATALOG_COMPILER_APPICON_NAME = AppIcon;
				INFOPLIST_FILE = DMMTapItDemo/Info.plist;
				LD_RUNPATH_SEARCH_PATHS = "$(inherited) @executable_path/Frameworks";
				PRODUCT_NAME = "$(TARGET_NAME)";
			};
			name = Release;
		};
		54279F971AC9B0110065E798 /* Debug */ = {
			isa = XCBuildConfiguration;
			buildSettings = {
				BUNDLE_LOADER = "$(TEST_HOST)";
				FRAMEWORK_SEARCH_PATHS = (
					"$(SDKROOT)/Developer/Library/Frameworks",
					"$(inherited)",
				);
				GCC_PREPROCESSOR_DEFINITIONS = (
					"DEBUG=1",
					"$(inherited)",
				);
				INFOPLIST_FILE = DMMTapItDemoTests/Info.plist;
				LD_RUNPATH_SEARCH_PATHS = "$(inherited) @executable_path/Frameworks @loader_path/Frameworks";
				PRODUCT_NAME = "$(TARGET_NAME)";
				TEST_HOST = "$(BUILT_PRODUCTS_DIR)/DMMTapItDemo.app/DMMTapItDemo";
			};
			name = Debug;
		};
		54279F981AC9B0110065E798 /* Release */ = {
			isa = XCBuildConfiguration;
			buildSettings = {
				BUNDLE_LOADER = "$(TEST_HOST)";
				FRAMEWORK_SEARCH_PATHS = (
					"$(SDKROOT)/Developer/Library/Frameworks",
					"$(inherited)",
				);
				INFOPLIST_FILE = DMMTapItDemoTests/Info.plist;
				LD_RUNPATH_SEARCH_PATHS = "$(inherited) @executable_path/Frameworks @loader_path/Frameworks";
				PRODUCT_NAME = "$(TARGET_NAME)";
				TEST_HOST = "$(BUILT_PRODUCTS_DIR)/DMMTapItDemo.app/DMMTapItDemo";
			};
			name = Release;
		};
/* End XCBuildConfiguration section */

/* Begin XCConfigurationList section */
		54279F6B1AC9B0110065E798 /* Build configuration list for PBXProject "DMMTapItDemo" */ = {
			isa = XCConfigurationList;
			buildConfigurations = (
				54279F911AC9B0110065E798 /* Debug */,
				54279F921AC9B0110065E798 /* Release */,
			);
			defaultConfigurationIsVisible = 0;
			defaultConfigurationName = Release;
		};
		54279F931AC9B0110065E798 /* Build configuration list for PBXNativeTarget "DMMTapItDemo" */ = {
			isa = XCConfigurationList;
			buildConfigurations = (
				54279F941AC9B0110065E798 /* Debug */,
				54279F951AC9B0110065E798 /* Release */,
			);
			defaultConfigurationIsVisible = 0;
			defaultConfigurationName = Release;
		};
		54279F961AC9B0110065E798 /* Build configuration list for PBXNativeTarget "DMMTapItDemoTests" */ = {
			isa = XCConfigurationList;
			buildConfigurations = (
				54279F971AC9B0110065E798 /* Debug */,
				54279F981AC9B0110065E798 /* Release */,
			);
			defaultConfigurationIsVisible = 0;
			defaultConfigurationName = Release;
		};
/* End XCConfigurationList section */
	};
	rootObject = 54279F681AC9B0110065E798 /* Project object */;
}
